
Microsoft Visual Studio Solution File, Format Version 12.00
# Visual Studio Version 16
VisualStudioVersion = 16.0.33214.272
MinimumVisualStudioVersion = 10.0.40219.1
Project("{FAE04EC0-301F-11D3-BF4B-00C04F79EFBC}") = "prakt14_3_4_KuznetsovPr-23", "prakt14_3_4_KuznetsovPr-23.csproj", "{78D40D5C-6F58-41D8-AE1B-62782AA4DDE7}"
EndProject
Global
	GlobalSection(SolutionConfigurationPlatforms) = preSolution
		Debug|Any CPU = Debug|Any CPU
		Release|Any CPU = Release|Any CPU
	EndGlobalSection
	GlobalSection(ProjectConfigurationPlatforms) = postSolution
		{78D40D5C-6F58-41D8-AE1B-62782AA4DDE7}.Debug|Any CPU.ActiveCfg = Debug|Any CPU
		{78D40D5C-6F58-41D8-AE1B-62782AA4DDE7}.Debug|Any CPU.Build.0 = Debug|Any CPU
		{78D40D5C-6F58-41D8-AE1B-62782AA4DDE7}.Release|Any CPU.ActiveCfg = Release|Any CPU
		{78D40D5C-6F58-41D8-AE1B-62782AA4DDE7}.Release|Any CPU.Build.0 = Release|Any CPU
	EndGlobalSection
	GlobalSection(SolutionProperties) = preSolution
		HideSolutionNode = FALSE
	EndGlobalSection
	GlobalSection(ExtensibilityGlobals) = postSolution
		SolutionGuid = {EBEFA3D7-4DF6-474E-98F4-D4FEE6B06BCD}
	EndGlobalSection
EndGlobal
